// !$*UTF8*$!
{
	archiveVersion = 1;
	classes = {
	};
	objectVersion = 46;
	objects = {

/* Begin PBXBuildFile section */
		5B831B631E78539200A53428 /* SCGPushSDK.framework in Frameworks */ = {isa = PBXBuildFile; fileRef = 5B831B561E77C53000A53428 /* SCGPushSDK.framework */; };
		5B831B641E7853A900A53428 /* SCGPushSDK.framework in Frameworks */ = {isa = PBXBuildFile; fileRef = 5B831B561E77C53000A53428 /* SCGPushSDK.framework */; };
		5B831B651E7853A900A53428 /* SCGPushSDK.framework in Embed Frameworks */ = {isa = PBXBuildFile; fileRef = 5B831B561E77C53000A53428 /* SCGPushSDK.framework */; settings = {ATTRIBUTES = (CodeSignOnCopy, RemoveHeadersOnCopy, ); }; };
		5BC0FE971D229BB6007A9637 /* Fabric.framework in Frameworks */ = {isa = PBXBuildFile; fileRef = 5BC0FE951D229BB6007A9637 /* Fabric.framework */; };
		5BC0FE981D229BB6007A9637 /* Crashlytics.framework in Frameworks */ = {isa = PBXBuildFile; fileRef = 5BC0FE961D229BB6007A9637 /* Crashlytics.framework */; };
		94AF5F0B1E79799200852808 /* MessagesTableViewController.swift in Sources */ = {isa = PBXBuildFile; fileRef = 94AF5F0A1E79799200852808 /* MessagesTableViewController.swift */; };
		94CE16211E7A991D0054C0B3 /* SettingsViewController.swift in Sources */ = {isa = PBXBuildFile; fileRef = 94CE16201E7A991D0054C0B3 /* SettingsViewController.swift */; };
		94CE16271E7AE7620054C0B3 /* DetailsViewController.swift in Sources */ = {isa = PBXBuildFile; fileRef = 94CE16261E7AE7620054C0B3 /* DetailsViewController.swift */; };
		94CE16321E8107300054C0B3 /* NotificationTableViewCell.swift in Sources */ = {isa = PBXBuildFile; fileRef = 94CE16301E8107300054C0B3 /* NotificationTableViewCell.swift */; };
		94CE16331E8107300054C0B3 /* NotificationTableViewCell.swift in Sources */ = {isa = PBXBuildFile; fileRef = 94CE16301E8107300054C0B3 /* NotificationTableViewCell.swift */; };
		94CE16341E8107300054C0B3 /* NotificationTableViewCell.xib in Resources */ = {isa = PBXBuildFile; fileRef = 94CE16311E8107300054C0B3 /* NotificationTableViewCell.xib */; };
		94CE16351E8107300054C0B3 /* NotificationTableViewCell.xib in Resources */ = {isa = PBXBuildFile; fileRef = 94CE16311E8107300054C0B3 /* NotificationTableViewCell.xib */; };
		F59BC8291CEA56310043E96E /* AppDelegate.swift in Sources */ = {isa = PBXBuildFile; fileRef = F59BC8281CEA56310043E96E /* AppDelegate.swift */; };
		F59BC82B1CEA56310043E96E /* ViewController.swift in Sources */ = {isa = PBXBuildFile; fileRef = F59BC82A1CEA56310043E96E /* ViewController.swift */; };
		F59BC82E1CEA56310043E96E /* Main.storyboard in Resources */ = {isa = PBXBuildFile; fileRef = F59BC82C1CEA56310043E96E /* Main.storyboard */; };
		F59BC8301CEA56310043E96E /* Assets.xcassets in Resources */ = {isa = PBXBuildFile; fileRef = F59BC82F1CEA56310043E96E /* Assets.xcassets */; };
		F59BC8331CEA56310043E96E /* LaunchScreen.storyboard in Resources */ = {isa = PBXBuildFile; fileRef = F59BC8311CEA56310043E96E /* LaunchScreen.storyboard */; };
		F59BC83E1CEA56310043E96E /* demoTests.swift in Sources */ = {isa = PBXBuildFile; fileRef = F59BC83D1CEA56310043E96E /* demoTests.swift */; };
		F59BC8491CEA56320043E96E /* demoUITests.swift in Sources */ = {isa = PBXBuildFile; fileRef = F59BC8481CEA56320043E96E /* demoUITests.swift */; };
		F778FB031DC0CE4300D73AC7 /* NotificationService.swift in Sources */ = {isa = PBXBuildFile; fileRef = F778FB021DC0CE4300D73AC7 /* NotificationService.swift */; };
		F778FB071DC0CE4300D73AC7 /* SCGPushDemoNotificationExtension.appex in Embed App Extensions */ = {isa = PBXBuildFile; fileRef = F778FB001DC0CE4300D73AC7 /* SCGPushDemoNotificationExtension.appex */; settings = {ATTRIBUTES = (RemoveHeadersOnCopy, ); }; };
		F778FB0F1DC0CF7700D73AC7 /* UserNotifications.framework in Frameworks */ = {isa = PBXBuildFile; fileRef = F778FB0E1DC0CF7700D73AC7 /* UserNotifications.framework */; };
/* End PBXBuildFile section */

/* Begin PBXContainerItemProxy section */
		5B831B551E77C53000A53428 /* PBXContainerItemProxy */ = {
			isa = PBXContainerItemProxy;
			containerPortal = 5B831B4E1E77C53000A53428 /* SCGPushSDK.xcodeproj */;
			proxyType = 2;
			remoteGlobalIDString = 5BF52A271E76D251008DEE80;
			remoteInfo = SCGPushSDK;
		};
		5B831B571E77C53000A53428 /* PBXContainerItemProxy */ = {
			isa = PBXContainerItemProxy;
			containerPortal = 5B831B4E1E77C53000A53428 /* SCGPushSDK.xcodeproj */;
			proxyType = 2;
			remoteGlobalIDString = 5BF52A301E76D251008DEE80;
			remoteInfo = SCGPushSDKTests;
		};
		5B831B591E77C54500A53428 /* PBXContainerItemProxy */ = {
			isa = PBXContainerItemProxy;
			containerPortal = 5B831B4E1E77C53000A53428 /* SCGPushSDK.xcodeproj */;
			proxyType = 1;
			remoteGlobalIDString = 5BF52A261E76D251008DEE80;
			remoteInfo = SCGPushSDK;
		};
		5B831B611E782CB200A53428 /* PBXContainerItemProxy */ = {
			isa = PBXContainerItemProxy;
			containerPortal = 5B831B4E1E77C53000A53428 /* SCGPushSDK.xcodeproj */;
			proxyType = 1;
			remoteGlobalIDString = 5BF52A261E76D251008DEE80;
			remoteInfo = SCGPushSDK;
		};
		5B831B661E7853A900A53428 /* PBXContainerItemProxy */ = {
			isa = PBXContainerItemProxy;
			containerPortal = 5B831B4E1E77C53000A53428 /* SCGPushSDK.xcodeproj */;
			proxyType = 1;
			remoteGlobalIDString = 5BF52A261E76D251008DEE80;
			remoteInfo = SCGPushSDK;
		};
		F59BC83A1CEA56310043E96E /* PBXContainerItemProxy */ = {
			isa = PBXContainerItemProxy;
			containerPortal = F59BC81D1CEA56310043E96E /* Project object */;
			proxyType = 1;
			remoteGlobalIDString = F59BC8241CEA56310043E96E;
			remoteInfo = demo;
		};
		F59BC8451CEA56310043E96E /* PBXContainerItemProxy */ = {
			isa = PBXContainerItemProxy;
			containerPortal = F59BC81D1CEA56310043E96E /* Project object */;
			proxyType = 1;
			remoteGlobalIDString = F59BC8241CEA56310043E96E;
			remoteInfo = demo;
		};
		F778FB051DC0CE4300D73AC7 /* PBXContainerItemProxy */ = {
			isa = PBXContainerItemProxy;
			containerPortal = F59BC81D1CEA56310043E96E /* Project object */;
			proxyType = 1;
			remoteGlobalIDString = F778FAFF1DC0CE4300D73AC7;
			remoteInfo = Downloader;
		};
/* End PBXContainerItemProxy section */

/* Begin PBXCopyFilesBuildPhase section */
		5B831B681E7853A900A53428 /* Embed Frameworks */ = {
			isa = PBXCopyFilesBuildPhase;
			buildActionMask = 2147483647;
			dstPath = "";
			dstSubfolderSpec = 10;
			files = (
				5B831B651E7853A900A53428 /* SCGPushSDK.framework in Embed Frameworks */,
			);
			name = "Embed Frameworks";
			runOnlyForDeploymentPostprocessing = 0;
		};
		F778FB0D1DC0CE4300D73AC7 /* Embed App Extensions */ = {
			isa = PBXCopyFilesBuildPhase;
			buildActionMask = 2147483647;
			dstPath = "";
			dstSubfolderSpec = 13;
			files = (
				F778FB071DC0CE4300D73AC7 /* SCGPushDemoNotificationExtension.appex in Embed App Extensions */,
			);
			name = "Embed App Extensions";
			runOnlyForDeploymentPostprocessing = 0;
		};
/* End PBXCopyFilesBuildPhase section */

/* Begin PBXFileReference section */
		5B831B4E1E77C53000A53428 /* SCGPushSDK.xcodeproj */ = {isa = PBXFileReference; lastKnownFileType = "wrapper.pb-project"; name = SCGPushSDK.xcodeproj; path = ../SCGPushSDK/SCGPushSDK.xcodeproj; sourceTree = "<group>"; };
		5B831B5C1E77C6A700A53428 /* SCGPushDemo-Bridging-Header.h */ = {isa = PBXFileReference; fileEncoding = 4; lastKnownFileType = sourcecode.c.h; path = "SCGPushDemo-Bridging-Header.h"; sourceTree = "<group>"; };
		5BB7F9341DD9FF640087F8C1 /* export_ipa.sh */ = {isa = PBXFileReference; lastKnownFileType = text.script.sh; path = export_ipa.sh; sourceTree = "<group>"; };
		5BC0FE931D22996A007A9637 /* deploy.sh */ = {isa = PBXFileReference; lastKnownFileType = text.script.sh; path = deploy.sh; sourceTree = "<group>"; };
		5BC0FE941D22996A007A9637 /* prepare.sh */ = {isa = PBXFileReference; lastKnownFileType = text.script.sh; path = prepare.sh; sourceTree = "<group>"; };
		5BC0FE951D229BB6007A9637 /* Fabric.framework */ = {isa = PBXFileReference; lastKnownFileType = wrapper.framework; name = Fabric.framework; path = depends/fabric_ios/Fabric.framework; sourceTree = "<group>"; };
		5BC0FE961D229BB6007A9637 /* Crashlytics.framework */ = {isa = PBXFileReference; lastKnownFileType = wrapper.framework; name = Crashlytics.framework; path = depends/fabric_ios/Crashlytics.framework; sourceTree = "<group>"; };
		94AF5F0A1E79799200852808 /* MessagesTableViewController.swift */ = {isa = PBXFileReference; fileEncoding = 4; lastKnownFileType = sourcecode.swift; path = MessagesTableViewController.swift; sourceTree = "<group>"; };
		94CE16201E7A991D0054C0B3 /* SettingsViewController.swift */ = {isa = PBXFileReference; fileEncoding = 4; lastKnownFileType = sourcecode.swift; path = SettingsViewController.swift; sourceTree = "<group>"; };
		94CE16261E7AE7620054C0B3 /* DetailsViewController.swift */ = {isa = PBXFileReference; fileEncoding = 4; lastKnownFileType = sourcecode.swift; path = DetailsViewController.swift; sourceTree = "<group>"; };
		94CE16301E8107300054C0B3 /* NotificationTableViewCell.swift */ = {isa = PBXFileReference; fileEncoding = 4; lastKnownFileType = sourcecode.swift; path = NotificationTableViewCell.swift; sourceTree = "<group>"; };
		94CE16311E8107300054C0B3 /* NotificationTableViewCell.xib */ = {isa = PBXFileReference; fileEncoding = 4; lastKnownFileType = file.xib; path = NotificationTableViewCell.xib; sourceTree = "<group>"; };
		F59BC8251CEA56310043E96E /* SCGPushDemo.app */ = {isa = PBXFileReference; explicitFileType = wrapper.application; includeInIndex = 0; path = SCGPushDemo.app; sourceTree = BUILT_PRODUCTS_DIR; };
		F59BC8281CEA56310043E96E /* AppDelegate.swift */ = {isa = PBXFileReference; lastKnownFileType = sourcecode.swift; path = AppDelegate.swift; sourceTree = "<group>"; };
		F59BC82A1CEA56310043E96E /* ViewController.swift */ = {isa = PBXFileReference; lastKnownFileType = sourcecode.swift; path = ViewController.swift; sourceTree = "<group>"; };
		F59BC82D1CEA56310043E96E /* Base */ = {isa = PBXFileReference; lastKnownFileType = file.storyboard; name = Base; path = Base.lproj/Main.storyboard; sourceTree = "<group>"; };
		F59BC82F1CEA56310043E96E /* Assets.xcassets */ = {isa = PBXFileReference; lastKnownFileType = folder.assetcatalog; path = Assets.xcassets; sourceTree = "<group>"; };
		F59BC8321CEA56310043E96E /* Base */ = {isa = PBXFileReference; lastKnownFileType = file.storyboard; name = Base; path = Base.lproj/LaunchScreen.storyboard; sourceTree = "<group>"; };
		F59BC8341CEA56310043E96E /* Info.plist */ = {isa = PBXFileReference; lastKnownFileType = text.plist.xml; path = Info.plist; sourceTree = "<group>"; };
		F59BC8391CEA56310043E96E /* SCGPushDemoTests.xctest */ = {isa = PBXFileReference; explicitFileType = wrapper.cfbundle; includeInIndex = 0; path = SCGPushDemoTests.xctest; sourceTree = BUILT_PRODUCTS_DIR; };
		F59BC83D1CEA56310043E96E /* demoTests.swift */ = {isa = PBXFileReference; lastKnownFileType = sourcecode.swift; path = demoTests.swift; sourceTree = "<group>"; };
		F59BC83F1CEA56310043E96E /* Info.plist */ = {isa = PBXFileReference; lastKnownFileType = text.plist.xml; path = Info.plist; sourceTree = "<group>"; };
		F59BC8441CEA56310043E96E /* SCGPushDemoUITests.xctest */ = {isa = PBXFileReference; explicitFileType = wrapper.cfbundle; includeInIndex = 0; path = SCGPushDemoUITests.xctest; sourceTree = BUILT_PRODUCTS_DIR; };
		F59BC8481CEA56320043E96E /* demoUITests.swift */ = {isa = PBXFileReference; lastKnownFileType = sourcecode.swift; path = demoUITests.swift; sourceTree = "<group>"; };
		F59BC84A1CEA56320043E96E /* Info.plist */ = {isa = PBXFileReference; lastKnownFileType = text.plist.xml; path = Info.plist; sourceTree = "<group>"; };
		F73EE3BA1DC9FC74003EEC18 /* Downloader.entitlements */ = {isa = PBXFileReference; lastKnownFileType = text.plist.entitlements; path = Downloader.entitlements; sourceTree = "<group>"; };
		F745EF6A1DC0D39700906C6C /* demo.entitlements */ = {isa = PBXFileReference; lastKnownFileType = text.plist.entitlements; path = demo.entitlements; sourceTree = "<group>"; };
		F778FB001DC0CE4300D73AC7 /* SCGPushDemoNotificationExtension.appex */ = {isa = PBXFileReference; explicitFileType = "wrapper.app-extension"; includeInIndex = 0; path = SCGPushDemoNotificationExtension.appex; sourceTree = BUILT_PRODUCTS_DIR; };
		F778FB021DC0CE4300D73AC7 /* NotificationService.swift */ = {isa = PBXFileReference; lastKnownFileType = sourcecode.swift; path = NotificationService.swift; sourceTree = "<group>"; };
		F778FB041DC0CE4300D73AC7 /* Info.plist */ = {isa = PBXFileReference; lastKnownFileType = text.plist.xml; path = Info.plist; sourceTree = "<group>"; };
		F778FB0E1DC0CF7700D73AC7 /* UserNotifications.framework */ = {isa = PBXFileReference; lastKnownFileType = wrapper.framework; name = UserNotifications.framework; path = System/Library/Frameworks/UserNotifications.framework; sourceTree = SDKROOT; };
/* End PBXFileReference section */

/* Begin PBXFrameworksBuildPhase section */
		F59BC8221CEA56310043E96E /* Frameworks */ = {
			isa = PBXFrameworksBuildPhase;
			buildActionMask = 2147483647;
			files = (
				F778FB0F1DC0CF7700D73AC7 /* UserNotifications.framework in Frameworks */,
				5B831B641E7853A900A53428 /* SCGPushSDK.framework in Frameworks */,
				5BC0FE971D229BB6007A9637 /* Fabric.framework in Frameworks */,
				5BC0FE981D229BB6007A9637 /* Crashlytics.framework in Frameworks */,
			);
			runOnlyForDeploymentPostprocessing = 0;
		};
		F59BC8361CEA56310043E96E /* Frameworks */ = {
			isa = PBXFrameworksBuildPhase;
			buildActionMask = 2147483647;
			files = (
			);
			runOnlyForDeploymentPostprocessing = 0;
		};
		F59BC8411CEA56310043E96E /* Frameworks */ = {
			isa = PBXFrameworksBuildPhase;
			buildActionMask = 2147483647;
			files = (
			);
			runOnlyForDeploymentPostprocessing = 0;
		};
		F778FAFD1DC0CE4300D73AC7 /* Frameworks */ = {
			isa = PBXFrameworksBuildPhase;
			buildActionMask = 2147483647;
			files = (
				5B831B631E78539200A53428 /* SCGPushSDK.framework in Frameworks */,
			);
			runOnlyForDeploymentPostprocessing = 0;
		};
/* End PBXFrameworksBuildPhase section */

/* Begin PBXGroup section */
		5B831B4F1E77C53000A53428 /* Products */ = {
			isa = PBXGroup;
			children = (
				5B831B561E77C53000A53428 /* SCGPushSDK.framework */,
				5B831B581E77C53000A53428 /* SCGPushSDKTests.xctest */,
			);
			name = Products;
			sourceTree = "<group>";
		};
		5BC0FE991D229BC3007A9637 /* Frameworks */ = {
			isa = PBXGroup;
			children = (
				F778FB0E1DC0CF7700D73AC7 /* UserNotifications.framework */,
				5BC0FE951D229BB6007A9637 /* Fabric.framework */,
				5BC0FE961D229BB6007A9637 /* Crashlytics.framework */,
			);
			name = Frameworks;
			sourceTree = "<group>";
		};
		F59BC81C1CEA56310043E96E = {
			isa = PBXGroup;
			children = (
				5B831B5C1E77C6A700A53428 /* SCGPushDemo-Bridging-Header.h */,
				5B831B4E1E77C53000A53428 /* SCGPushSDK.xcodeproj */,
				F778FB011DC0CE4300D73AC7 /* Downloader */,
				5BC0FE991D229BC3007A9637 /* Frameworks */,
				F59BC8271CEA56310043E96E /* demo */,
				F59BC83C1CEA56310043E96E /* demoTests */,
				F59BC8471CEA56320043E96E /* demoUITests */,
				F59BC8261CEA56310043E96E /* Products */,
				5BC0FE931D22996A007A9637 /* deploy.sh */,
				5BC0FE941D22996A007A9637 /* prepare.sh */,
				5BB7F9341DD9FF640087F8C1 /* export_ipa.sh */,
			);
			sourceTree = "<group>";
		};
		F59BC8261CEA56310043E96E /* Products */ = {
			isa = PBXGroup;
			children = (
				F59BC8251CEA56310043E96E /* SCGPushDemo.app */,
				F59BC8391CEA56310043E96E /* SCGPushDemoTests.xctest */,
				F59BC8441CEA56310043E96E /* SCGPushDemoUITests.xctest */,
				F778FB001DC0CE4300D73AC7 /* SCGPushDemoNotificationExtension.appex */,
			);
			name = Products;
			sourceTree = "<group>";
		};
		F59BC8271CEA56310043E96E /* demo */ = {
			isa = PBXGroup;
			children = (
				F745EF6A1DC0D39700906C6C /* demo.entitlements */,
				F59BC8281CEA56310043E96E /* AppDelegate.swift */,
				F59BC82A1CEA56310043E96E /* ViewController.swift */,
				F59BC82C1CEA56310043E96E /* Main.storyboard */,
				94CE16261E7AE7620054C0B3 /* DetailsViewController.swift */,
				94AF5F0A1E79799200852808 /* MessagesTableViewController.swift */,
				94CE16201E7A991D0054C0B3 /* SettingsViewController.swift */,
				F59BC82F1CEA56310043E96E /* Assets.xcassets */,
				F59BC8311CEA56310043E96E /* LaunchScreen.storyboard */,
				F59BC8341CEA56310043E96E /* Info.plist */,
				94CE16301E8107300054C0B3 /* NotificationTableViewCell.swift */,
				94CE16311E8107300054C0B3 /* NotificationTableViewCell.xib */,
			);
			path = demo;
			sourceTree = "<group>";
		};
		F59BC83C1CEA56310043E96E /* demoTests */ = {
			isa = PBXGroup;
			children = (
				F59BC83D1CEA56310043E96E /* demoTests.swift */,
				F59BC83F1CEA56310043E96E /* Info.plist */,
			);
			path = demoTests;
			sourceTree = "<group>";
		};
		F59BC8471CEA56320043E96E /* demoUITests */ = {
			isa = PBXGroup;
			children = (
				F59BC8481CEA56320043E96E /* demoUITests.swift */,
				F59BC84A1CEA56320043E96E /* Info.plist */,
			);
			path = demoUITests;
			sourceTree = "<group>";
		};
		F778FB011DC0CE4300D73AC7 /* Downloader */ = {
			isa = PBXGroup;
			children = (
				F73EE3BA1DC9FC74003EEC18 /* Downloader.entitlements */,
				F778FB021DC0CE4300D73AC7 /* NotificationService.swift */,
				F778FB041DC0CE4300D73AC7 /* Info.plist */,
			);
			path = Downloader;
			sourceTree = "<group>";
		};
/* End PBXGroup section */

/* Begin PBXNativeTarget section */
		F59BC8241CEA56310043E96E /* SCGPushDemo */ = {
			isa = PBXNativeTarget;
			buildConfigurationList = F59BC84D1CEA56320043E96E /* Build configuration list for PBXNativeTarget "SCGPushDemo" */;
			buildPhases = (
				5BC0FE9A1D229C0E007A9637 /* Prepare */,
				F59BC8211CEA56310043E96E /* Sources */,
				F59BC8221CEA56310043E96E /* Frameworks */,
				F59BC8231CEA56310043E96E /* Resources */,
				5BC0FE9B1D229E03007A9637 /* BuildNumber */,
				5BC0FE8D1D229188007A9637 /* Fabric */,
				F778FB0D1DC0CE4300D73AC7 /* Embed App Extensions */,
				5B831B681E7853A900A53428 /* Embed Frameworks */,
			);
			buildRules = (
			);
			dependencies = (
				5B831B5A1E77C54500A53428 /* PBXTargetDependency */,
				F778FB061DC0CE4300D73AC7 /* PBXTargetDependency */,
				5B831B671E7853A900A53428 /* PBXTargetDependency */,
			);
			name = SCGPushDemo;
			productName = demo;
			productReference = F59BC8251CEA56310043E96E /* SCGPushDemo.app */;
			productType = "com.apple.product-type.application";
		};
		F59BC8381CEA56310043E96E /* SCGPushDemoTests */ = {
			isa = PBXNativeTarget;
			buildConfigurationList = F59BC8501CEA56320043E96E /* Build configuration list for PBXNativeTarget "SCGPushDemoTests" */;
			buildPhases = (
				F59BC8351CEA56310043E96E /* Sources */,
				F59BC8361CEA56310043E96E /* Frameworks */,
				F59BC8371CEA56310043E96E /* Resources */,
			);
			buildRules = (
			);
			dependencies = (
				F59BC83B1CEA56310043E96E /* PBXTargetDependency */,
			);
			name = SCGPushDemoTests;
			productName = demoTests;
			productReference = F59BC8391CEA56310043E96E /* SCGPushDemoTests.xctest */;
			productType = "com.apple.product-type.bundle.unit-test";
		};
		F59BC8431CEA56310043E96E /* SCGPushDemoUITests */ = {
			isa = PBXNativeTarget;
			buildConfigurationList = F59BC8531CEA56320043E96E /* Build configuration list for PBXNativeTarget "SCGPushDemoUITests" */;
			buildPhases = (
				F59BC8401CEA56310043E96E /* Sources */,
				F59BC8411CEA56310043E96E /* Frameworks */,
				F59BC8421CEA56310043E96E /* Resources */,
			);
			buildRules = (
			);
			dependencies = (
				F59BC8461CEA56310043E96E /* PBXTargetDependency */,
			);
			name = SCGPushDemoUITests;
			productName = demoUITests;
			productReference = F59BC8441CEA56310043E96E /* SCGPushDemoUITests.xctest */;
			productType = "com.apple.product-type.bundle.ui-testing";
		};
		F778FAFF1DC0CE4300D73AC7 /* SCGPushDemoNotificationExtension */ = {
			isa = PBXNativeTarget;
			buildConfigurationList = F778FB0C1DC0CE4300D73AC7 /* Build configuration list for PBXNativeTarget "SCGPushDemoNotificationExtension" */;
			buildPhases = (
				F778FAFC1DC0CE4300D73AC7 /* Sources */,
				F778FAFD1DC0CE4300D73AC7 /* Frameworks */,
				F778FAFE1DC0CE4300D73AC7 /* Resources */,
			);
			buildRules = (
			);
			dependencies = (
				5B831B621E782CB200A53428 /* PBXTargetDependency */,
			);
			name = SCGPushDemoNotificationExtension;
			productName = Downloader;
			productReference = F778FB001DC0CE4300D73AC7 /* SCGPushDemoNotificationExtension.appex */;
			productType = "com.apple.product-type.app-extension";
		};
/* End PBXNativeTarget section */

/* Begin PBXProject section */
		F59BC81D1CEA56310043E96E /* Project object */ = {
			isa = PBXProject;
			attributes = {
				LastSwiftUpdateCheck = 0800;
				LastUpgradeCheck = 0730;
				ORGANIZATIONNAME = softavail;
				TargetAttributes = {
					F59BC8241CEA56310043E96E = {
						CreatedOnToolsVersion = 7.3;
						DevelopmentTeam = 6D6V2A9HWX;
						LastSwiftMigration = 0800;
						ProvisioningStyle = Manual;
						SystemCapabilities = {
							com.apple.ApplicationGroups.iOS = {
								enabled = 1;
							};
							com.apple.BackgroundModes = {
								enabled = 1;
							};
							com.apple.Push = {
								enabled = 1;
							};
						};
					};
					F59BC8381CEA56310043E96E = {
						CreatedOnToolsVersion = 7.3;
						LastSwiftMigration = 0800;
						TestTargetID = F59BC8241CEA56310043E96E;
					};
					F59BC8431CEA56310043E96E = {
						CreatedOnToolsVersion = 7.3;
						LastSwiftMigration = 0800;
						TestTargetID = F59BC8241CEA56310043E96E;
					};
					F778FAFF1DC0CE4300D73AC7 = {
						CreatedOnToolsVersion = 8.0;
						DevelopmentTeam = 6D6V2A9HWX;
						ProvisioningStyle = Manual;
						SystemCapabilities = {
							com.apple.ApplicationGroups.iOS = {
								enabled = 1;
							};
						};
					};
				};
			};
			buildConfigurationList = F59BC8201CEA56310043E96E /* Build configuration list for PBXProject "SCGPushDemo" */;
			compatibilityVersion = "Xcode 3.2";
			developmentRegion = English;
			hasScannedForEncodings = 0;
			knownRegions = (
				en,
				Base,
			);
			mainGroup = F59BC81C1CEA56310043E96E;
			productRefGroup = F59BC8261CEA56310043E96E /* Products */;
			projectDirPath = "";
			projectReferences = (
				{
					ProductGroup = 5B831B4F1E77C53000A53428 /* Products */;
					ProjectRef = 5B831B4E1E77C53000A53428 /* SCGPushSDK.xcodeproj */;
				},
			);
			projectRoot = "";
			targets = (
				F59BC8241CEA56310043E96E /* SCGPushDemo */,
				F59BC8381CEA56310043E96E /* SCGPushDemoTests */,
				F59BC8431CEA56310043E96E /* SCGPushDemoUITests */,
				F778FAFF1DC0CE4300D73AC7 /* SCGPushDemoNotificationExtension */,
			);
		};
/* End PBXProject section */

/* Begin PBXReferenceProxy section */
		5B831B561E77C53000A53428 /* SCGPushSDK.framework */ = {
			isa = PBXReferenceProxy;
			fileType = wrapper.framework;
			path = SCGPushSDK.framework;
			remoteRef = 5B831B551E77C53000A53428 /* PBXContainerItemProxy */;
			sourceTree = BUILT_PRODUCTS_DIR;
		};
		5B831B581E77C53000A53428 /* SCGPushSDKTests.xctest */ = {
			isa = PBXReferenceProxy;
			fileType = wrapper.cfbundle;
			path = SCGPushSDKTests.xctest;
			remoteRef = 5B831B571E77C53000A53428 /* PBXContainerItemProxy */;
			sourceTree = BUILT_PRODUCTS_DIR;
		};
/* End PBXReferenceProxy section */

/* Begin PBXResourcesBuildPhase section */
		F59BC8231CEA56310043E96E /* Resources */ = {
			isa = PBXResourcesBuildPhase;
			buildActionMask = 2147483647;
			files = (
				94CE16341E8107300054C0B3 /* NotificationTableViewCell.xib in Resources */,
				F59BC8331CEA56310043E96E /* LaunchScreen.storyboard in Resources */,
				F59BC8301CEA56310043E96E /* Assets.xcassets in Resources */,
				F59BC82E1CEA56310043E96E /* Main.storyboard in Resources */,
			);
			runOnlyForDeploymentPostprocessing = 0;
		};
		F59BC8371CEA56310043E96E /* Resources */ = {
			isa = PBXResourcesBuildPhase;
			buildActionMask = 2147483647;
			files = (
			);
			runOnlyForDeploymentPostprocessing = 0;
		};
		F59BC8421CEA56310043E96E /* Resources */ = {
			isa = PBXResourcesBuildPhase;
			buildActionMask = 2147483647;
			files = (
				94CE16351E8107300054C0B3 /* NotificationTableViewCell.xib in Resources */,
			);
			runOnlyForDeploymentPostprocessing = 0;
		};
		F778FAFE1DC0CE4300D73AC7 /* Resources */ = {
			isa = PBXResourcesBuildPhase;
			buildActionMask = 2147483647;
			files = (
			);
			runOnlyForDeploymentPostprocessing = 0;
		};
/* End PBXResourcesBuildPhase section */

/* Begin PBXShellScriptBuildPhase section */
		5BC0FE8D1D229188007A9637 /* Fabric */ = {
			isa = PBXShellScriptBuildPhase;
			buildActionMask = 2147483647;
			files = (
			);
			inputPaths = (
			);
			name = Fabric;
			outputPaths = (
			);
			runOnlyForDeploymentPostprocessing = 0;
			shellPath = /bin/sh;
			shellScript = "echo \"GCC_PREPROCESSOR_DEFINITIONS=${GCC_PREPROCESSOR_DEFINITIONS}\"\n\nWITH_CRASHLYTICS_STRING=\"WITH_CRASHLYTICS=true\"\n\nif echo \"$GCC_PREPROCESSOR_DEFINITIONS\" | grep -q \"$WITH_CRASHLYTICS_STRING\"; then\necho \"!!! Running Fabric !!!\"\n./depends/fabric_ios/Fabric.framework/run 04514ea659042cc5c7368ba808304e40ff726e7c 6aa5626991f10e90acf79f617ebb09f78e554a17a95fb850682e1dd251a9e740\nfi\n";
		};
		5BC0FE9A1D229C0E007A9637 /* Prepare */ = {
			isa = PBXShellScriptBuildPhase;
			buildActionMask = 2147483647;
			files = (
			);
			inputPaths = (
			);
			name = Prepare;
			outputPaths = (
			);
			runOnlyForDeploymentPostprocessing = 0;
			shellPath = /bin/sh;
			shellScript = "echo \"Prepare dependencies ..\"\n\n./prepare.sh";
		};
		5BC0FE9B1D229E03007A9637 /* BuildNumber */ = {
			isa = PBXShellScriptBuildPhase;
			buildActionMask = 2147483647;
			files = (
			);
			inputPaths = (
			);
			name = BuildNumber;
			outputPaths = (
			);
			runOnlyForDeploymentPostprocessing = 0;
			shellPath = /bin/sh;
			shellScript = "# xcode-build-bump.sh\n# @desc Auto-increment the build number every time the project is run.\n# @usage\n# 1. Select: your Target in Xcode\n# 2. Select: Build Phases Tab\n# 3. Select: Add Build Phase -> Add Run Script\n# 4. Paste code below in to new \"Run Script\" section\n# 5. Drag the \"Run Script\" below \"Link Binaries With Libraries\"\n# 6. Insure that your starting build number is set to a whole integer and not a float (e.g. 1, not 1.0)\n\nREVENV=${REVISION_NUMBER}\nbuildNumber=$(git rev-list HEAD | wc -l | tr -d ' ')\n\nif [ X\"${REVENV}\" != X\"\" ]; then\nbuildNumber=\"${REVENV}\"\nfi\n\nINFOPLIST=\"${BUILT_PRODUCTS_DIR}/${WRAPPER_NAME}/Info.plist\"\n/usr/libexec/PlistBuddy -c \"Set :CFBundleVersion $buildNumber\" \"${INFOPLIST}\"\necho \"CFBundleVersion: \" $buildNumber";
		};
/* End PBXShellScriptBuildPhase section */

/* Begin PBXSourcesBuildPhase section */
		F59BC8211CEA56310043E96E /* Sources */ = {
			isa = PBXSourcesBuildPhase;
			buildActionMask = 2147483647;
			files = (
				94CE16321E8107300054C0B3 /* NotificationTableViewCell.swift in Sources */,
				F59BC82B1CEA56310043E96E /* ViewController.swift in Sources */,
				94AF5F0B1E79799200852808 /* MessagesTableViewController.swift in Sources */,
				F59BC8291CEA56310043E96E /* AppDelegate.swift in Sources */,
				94CE16211E7A991D0054C0B3 /* SettingsViewController.swift in Sources */,
				94CE16271E7AE7620054C0B3 /* DetailsViewController.swift in Sources */,
			);
			runOnlyForDeploymentPostprocessing = 0;
		};
		F59BC8351CEA56310043E96E /* Sources */ = {
			isa = PBXSourcesBuildPhase;
			buildActionMask = 2147483647;
			files = (
				F59BC83E1CEA56310043E96E /* demoTests.swift in Sources */,
			);
			runOnlyForDeploymentPostprocessing = 0;
		};
		F59BC8401CEA56310043E96E /* Sources */ = {
			isa = PBXSourcesBuildPhase;
			buildActionMask = 2147483647;
			files = (
				94CE16331E8107300054C0B3 /* NotificationTableViewCell.swift in Sources */,
				F59BC8491CEA56320043E96E /* demoUITests.swift in Sources */,
			);
			runOnlyForDeploymentPostprocessing = 0;
		};
		F778FAFC1DC0CE4300D73AC7 /* Sources */ = {
			isa = PBXSourcesBuildPhase;
			buildActionMask = 2147483647;
			files = (
				F778FB031DC0CE4300D73AC7 /* NotificationService.swift in Sources */,
			);
			runOnlyForDeploymentPostprocessing = 0;
		};
/* End PBXSourcesBuildPhase section */

/* Begin PBXTargetDependency section */
		5B831B5A1E77C54500A53428 /* PBXTargetDependency */ = {
			isa = PBXTargetDependency;
			name = SCGPushSDK;
			targetProxy = 5B831B591E77C54500A53428 /* PBXContainerItemProxy */;
		};
		5B831B621E782CB200A53428 /* PBXTargetDependency */ = {
			isa = PBXTargetDependency;
			name = SCGPushSDK;
			targetProxy = 5B831B611E782CB200A53428 /* PBXContainerItemProxy */;
		};
		5B831B671E7853A900A53428 /* PBXTargetDependency */ = {
			isa = PBXTargetDependency;
			name = SCGPushSDK;
			targetProxy = 5B831B661E7853A900A53428 /* PBXContainerItemProxy */;
		};
		F59BC83B1CEA56310043E96E /* PBXTargetDependency */ = {
			isa = PBXTargetDependency;
			target = F59BC8241CEA56310043E96E /* SCGPushDemo */;
			targetProxy = F59BC83A1CEA56310043E96E /* PBXContainerItemProxy */;
		};
		F59BC8461CEA56310043E96E /* PBXTargetDependency */ = {
			isa = PBXTargetDependency;
			target = F59BC8241CEA56310043E96E /* SCGPushDemo */;
			targetProxy = F59BC8451CEA56310043E96E /* PBXContainerItemProxy */;
		};
		F778FB061DC0CE4300D73AC7 /* PBXTargetDependency */ = {
			isa = PBXTargetDependency;
			target = F778FAFF1DC0CE4300D73AC7 /* SCGPushDemoNotificationExtension */;
			targetProxy = F778FB051DC0CE4300D73AC7 /* PBXContainerItemProxy */;
		};
/* End PBXTargetDependency section */

/* Begin PBXVariantGroup section */
		F59BC82C1CEA56310043E96E /* Main.storyboard */ = {
			isa = PBXVariantGroup;
			children = (
				F59BC82D1CEA56310043E96E /* Base */,
			);
			name = Main.storyboard;
			sourceTree = "<group>";
		};
		F59BC8311CEA56310043E96E /* LaunchScreen.storyboard */ = {
			isa = PBXVariantGroup;
			children = (
				F59BC8321CEA56310043E96E /* Base */,
			);
			name = LaunchScreen.storyboard;
			sourceTree = "<group>";
		};
/* End PBXVariantGroup section */

/* Begin XCBuildConfiguration section */
		F59BC84B1CEA56320043E96E /* Debug */ = {
			isa = XCBuildConfiguration;
			buildSettings = {
				ALWAYS_SEARCH_USER_PATHS = NO;
				CLANG_ANALYZER_NONNULL = YES;
				CLANG_CXX_LANGUAGE_STANDARD = "gnu++0x";
				CLANG_CXX_LIBRARY = "libc++";
				CLANG_ENABLE_MODULES = YES;
				CLANG_ENABLE_OBJC_ARC = YES;
				CLANG_WARN_BOOL_CONVERSION = YES;
				CLANG_WARN_CONSTANT_CONVERSION = YES;
				CLANG_WARN_DIRECT_OBJC_ISA_USAGE = YES_ERROR;
				CLANG_WARN_EMPTY_BODY = YES;
				CLANG_WARN_ENUM_CONVERSION = YES;
				CLANG_WARN_INT_CONVERSION = YES;
				CLANG_WARN_OBJC_ROOT_CLASS = YES_ERROR;
				CLANG_WARN_UNREACHABLE_CODE = YES;
				CLANG_WARN__DUPLICATE_METHOD_MATCH = YES;
				"CODE_SIGN_IDENTITY[sdk=iphoneos*]" = "iPhone Developer";
				COPY_PHASE_STRIP = NO;
				DEBUG_INFORMATION_FORMAT = dwarf;
				ENABLE_STRICT_OBJC_MSGSEND = YES;
				ENABLE_TESTABILITY = YES;
				GCC_C_LANGUAGE_STANDARD = gnu99;
				GCC_DYNAMIC_NO_PIC = NO;
				GCC_NO_COMMON_BLOCKS = YES;
				GCC_OPTIMIZATION_LEVEL = 0;
				GCC_PREPROCESSOR_DEFINITIONS = "$(inherited)";
				GCC_WARN_64_TO_32_BIT_CONVERSION = YES;
				GCC_WARN_ABOUT_RETURN_TYPE = YES_ERROR;
				GCC_WARN_UNDECLARED_SELECTOR = YES;
				GCC_WARN_UNINITIALIZED_AUTOS = YES_AGGRESSIVE;
				GCC_WARN_UNUSED_FUNCTION = YES;
				GCC_WARN_UNUSED_VARIABLE = YES;
				IPHONEOS_DEPLOYMENT_TARGET = 9.3;
				MTL_ENABLE_DEBUG_INFO = YES;
				ONLY_ACTIVE_ARCH = YES;
				SDKROOT = iphoneos;
				SWIFT_OPTIMIZATION_LEVEL = "-Onone";
				TARGETED_DEVICE_FAMILY = "1,2";
			};
			name = Debug;
		};
		F59BC84C1CEA56320043E96E /* Release */ = {
			isa = XCBuildConfiguration;
			buildSettings = {
				ALWAYS_SEARCH_USER_PATHS = NO;
				CLANG_ANALYZER_NONNULL = YES;
				CLANG_CXX_LANGUAGE_STANDARD = "gnu++0x";
				CLANG_CXX_LIBRARY = "libc++";
				CLANG_ENABLE_MODULES = YES;
				CLANG_ENABLE_OBJC_ARC = YES;
				CLANG_WARN_BOOL_CONVERSION = YES;
				CLANG_WARN_CONSTANT_CONVERSION = YES;
				CLANG_WARN_DIRECT_OBJC_ISA_USAGE = YES_ERROR;
				CLANG_WARN_EMPTY_BODY = YES;
				CLANG_WARN_ENUM_CONVERSION = YES;
				CLANG_WARN_INT_CONVERSION = YES;
				CLANG_WARN_OBJC_ROOT_CLASS = YES_ERROR;
				CLANG_WARN_UNREACHABLE_CODE = YES;
				CLANG_WARN__DUPLICATE_METHOD_MATCH = YES;
				"CODE_SIGN_IDENTITY[sdk=iphoneos*]" = "iPhone Developer";
				COPY_PHASE_STRIP = NO;
				DEBUG_INFORMATION_FORMAT = "dwarf-with-dsym";
				ENABLE_NS_ASSERTIONS = NO;
				ENABLE_STRICT_OBJC_MSGSEND = YES;
				GCC_C_LANGUAGE_STANDARD = gnu99;
				GCC_NO_COMMON_BLOCKS = YES;
				GCC_WARN_64_TO_32_BIT_CONVERSION = YES;
				GCC_WARN_ABOUT_RETURN_TYPE = YES_ERROR;
				GCC_WARN_UNDECLARED_SELECTOR = YES;
				GCC_WARN_UNINITIALIZED_AUTOS = YES_AGGRESSIVE;
				GCC_WARN_UNUSED_FUNCTION = YES;
				GCC_WARN_UNUSED_VARIABLE = YES;
				IPHONEOS_DEPLOYMENT_TARGET = 9.3;
				MTL_ENABLE_DEBUG_INFO = NO;
				SDKROOT = iphoneos;
				TARGETED_DEVICE_FAMILY = "1,2";
				VALIDATE_PRODUCT = YES;
			};
			name = Release;
		};
		F59BC84E1CEA56320043E96E /* Debug */ = {
			isa = XCBuildConfiguration;
			buildSettings = {
				ALWAYS_EMBED_SWIFT_STANDARD_LIBRARIES = YES;
				ASSETCATALOG_COMPILER_APPICON_NAME = AppIcon;
				CODE_SIGN_ENTITLEMENTS = demo/demo.entitlements;
				CODE_SIGN_IDENTITY = "iPhone Developer";
				"CODE_SIGN_IDENTITY[sdk=iphoneos*]" = "iPhone Developer";
				COPY_PHASE_STRIP = YES;
				DEVELOPMENT_TEAM = 6D6V2A9HWX;
				ENABLE_BITCODE = NO;
				FRAMEWORK_SEARCH_PATHS = (
					"$(PROJECT_DIR)/../Frameworks",
					"$(PROJECT_DIR)",
					"$(BUILT_PRODUCTS_DIR)",
					"$(PROJECT_DIR)/depends/fabric_ios",
				);
				HEADER_SEARCH_PATHS = "$(PROJECT_DIR)/../Frameworks";
				INFOPLIST_FILE = demo/Info.plist;
				IPHONEOS_DEPLOYMENT_TARGET = 8.0;
				LD_RUNPATH_SEARCH_PATHS = "$(inherited) @executable_path/Frameworks";
				OTHER_SWIFT_FLAGS = "";
				PRODUCT_BUNDLE_IDENTIFIER = com.syniverse.scg.push.demo;
				PRODUCT_NAME = "$(TARGET_NAME)";
				PROVISIONING_PROFILE = "44344447-b722-4de9-9f4c-05252ab688fd";
				PROVISIONING_PROFILE_SPECIFIER = SCGPushDemoDev;
				SWIFT_OBJC_BRIDGING_HEADER = "$(SRCROOT)/SCGPushDemo-Bridging-Header.h";
				SWIFT_VERSION = 3.0;
			};
			name = Debug;
		};
		F59BC84F1CEA56320043E96E /* Release */ = {
			isa = XCBuildConfiguration;
			buildSettings = {
				ALWAYS_EMBED_SWIFT_STANDARD_LIBRARIES = YES;
				ASSETCATALOG_COMPILER_APPICON_NAME = AppIcon;
				CODE_SIGN_ENTITLEMENTS = demo/demo.entitlements;
				CODE_SIGN_IDENTITY = "";
				"CODE_SIGN_IDENTITY[sdk=iphoneos*]" = "iPhone Distribution";
				COPY_PHASE_STRIP = YES;
				DEVELOPMENT_TEAM = 6D6V2A9HWX;
				ENABLE_BITCODE = NO;
				FRAMEWORK_SEARCH_PATHS = (
					"$(PROJECT_DIR)/../Frameworks",
					"$(PROJECT_DIR)",
					"$(BUILT_PRODUCTS_DIR)",
					"$(PROJECT_DIR)/depends/fabric_ios",
				);
				GCC_PREPROCESSOR_DEFINITIONS = "WITH_CRASHLYTICS=1";
				HEADER_SEARCH_PATHS = "$(PROJECT_DIR)/../Frameworks";
				INFOPLIST_FILE = demo/Info.plist;
				IPHONEOS_DEPLOYMENT_TARGET = 8.0;
				LD_RUNPATH_SEARCH_PATHS = "$(inherited) @executable_path/Frameworks";
				OTHER_SWIFT_FLAGS = "-DWITH_CRASHLYTICS";
				PRODUCT_BUNDLE_IDENTIFIER = com.syniverse.scg.push.demo;
				PRODUCT_NAME = "$(TARGET_NAME)";
				PROVISIONING_PROFILE = "b5bbf5cd-533b-42e6-aafb-5cd6af753112";
				PROVISIONING_PROFILE_SPECIFIER = SCGPushDemoAdHoc;
				SWIFT_OBJC_BRIDGING_HEADER = "$(SRCROOT)/SCGPushDemo-Bridging-Header.h";
				SWIFT_VERSION = 3.0;
			};
			name = Release;
		};
		F59BC8511CEA56320043E96E /* Debug */ = {
			isa = XCBuildConfiguration;
			buildSettings = {
				BUNDLE_LOADER = "$(TEST_HOST)";
				INFOPLIST_FILE = demoTests/Info.plist;
				LD_RUNPATH_SEARCH_PATHS = "$(inherited) @executable_path/Frameworks @loader_path/Frameworks";
				PRODUCT_BUNDLE_IDENTIFIER = com.softavail.push.demoTests;
				PRODUCT_NAME = "$(TARGET_NAME)";
				SWIFT_VERSION = 3.0;
				TEST_HOST = "$(BUILT_PRODUCTS_DIR)/SCGPushDemo.app/SCGPushDemo";
			};
			name = Debug;
		};
		F59BC8521CEA56320043E96E /* Release */ = {
			isa = XCBuildConfiguration;
			buildSettings = {
				BUNDLE_LOADER = "$(TEST_HOST)";
				INFOPLIST_FILE = demoTests/Info.plist;
				LD_RUNPATH_SEARCH_PATHS = "$(inherited) @executable_path/Frameworks @loader_path/Frameworks";
				PRODUCT_BUNDLE_IDENTIFIER = com.softavail.push.demoTests;
				PRODUCT_NAME = "$(TARGET_NAME)";
				SWIFT_VERSION = 3.0;
				TEST_HOST = "$(BUILT_PRODUCTS_DIR)/SCGPushDemo.app/SCGPushDemo";
			};
			name = Release;
		};
		F59BC8541CEA56320043E96E /* Debug */ = {
			isa = XCBuildConfiguration;
			buildSettings = {
				INFOPLIST_FILE = demoUITests/Info.plist;
				LD_RUNPATH_SEARCH_PATHS = "$(inherited) @executable_path/Frameworks @loader_path/Frameworks";
				PRODUCT_BUNDLE_IDENTIFIER = com.softavail.push.demoUITests;
				PRODUCT_NAME = "$(TARGET_NAME)";
				SWIFT_VERSION = 3.0;
				TEST_TARGET_NAME = demo;
			};
			name = Debug;
		};
		F59BC8551CEA56320043E96E /* Release */ = {
			isa = XCBuildConfiguration;
			buildSettings = {
				INFOPLIST_FILE = demoUITests/Info.plist;
				LD_RUNPATH_SEARCH_PATHS = "$(inherited) @executable_path/Frameworks @loader_path/Frameworks";
				PRODUCT_BUNDLE_IDENTIFIER = com.softavail.push.demoUITests;
				PRODUCT_NAME = "$(TARGET_NAME)";
				SWIFT_VERSION = 3.0;
				TEST_TARGET_NAME = demo;
			};
			name = Release;
		};
		F778FB081DC0CE4300D73AC7 /* Debug */ = {
			isa = XCBuildConfiguration;
			buildSettings = {
				CLANG_WARN_DOCUMENTATION_COMMENTS = YES;
				CLANG_WARN_INFINITE_RECURSION = YES;
				CLANG_WARN_SUSPICIOUS_MOVES = YES;
				CODE_SIGN_ENTITLEMENTS = Downloader/Downloader.entitlements;
				CODE_SIGN_IDENTITY = "iPhone Developer: Slav Sarafski (9A657N44WD)";
				"CODE_SIGN_IDENTITY[sdk=iphoneos*]" = "iPhone Developer";
				DEVELOPMENT_TEAM = 6D6V2A9HWX;
				INFOPLIST_FILE = Downloader/Info.plist;
				IPHONEOS_DEPLOYMENT_TARGET = 10.0;
				LD_RUNPATH_SEARCH_PATHS = "$(inherited) @executable_path/Frameworks @executable_path/../../Frameworks";
				PRODUCT_BUNDLE_IDENTIFIER = com.syniverse.scg.push.demo.NotificationExtension;
				PRODUCT_NAME = "$(TARGET_NAME)";
				PROVISIONING_PROFILE = "d53e011a-9a25-4351-987d-2072d509570f";
				PROVISIONING_PROFILE_SPECIFIER = "SCG Push Demo Extension Dev";
				SKIP_INSTALL = YES;
				SWIFT_ACTIVE_COMPILATION_CONDITIONS = DEBUG;
				SWIFT_OBJC_BRIDGING_HEADER = "$(SRCROOT)/SCGPushDemo-Bridging-Header.h";
				SWIFT_VERSION = 3.0;
			};
			name = Debug;
		};
		F778FB091DC0CE4300D73AC7 /* Release */ = {
			isa = XCBuildConfiguration;
			buildSettings = {
				CLANG_WARN_DOCUMENTATION_COMMENTS = YES;
				CLANG_WARN_INFINITE_RECURSION = YES;
				CLANG_WARN_SUSPICIOUS_MOVES = YES;
				CODE_SIGN_ENTITLEMENTS = Downloader/Downloader.entitlements;
				"CODE_SIGN_IDENTITY[sdk=iphoneos*]" = "iPhone Distribution";
				DEVELOPMENT_TEAM = 6D6V2A9HWX;
				INFOPLIST_FILE = Downloader/Info.plist;
				IPHONEOS_DEPLOYMENT_TARGET = 10.0;
				LD_RUNPATH_SEARCH_PATHS = "$(inherited) @executable_path/Frameworks @executable_path/../../Frameworks";
				PRODUCT_BUNDLE_IDENTIFIER = com.syniverse.scg.push.demo.NotificationExtension;
				PRODUCT_NAME = "$(TARGET_NAME)";
				PROVISIONING_PROFILE = "e6afe1d2-3b71-4d92-98ac-7c0b3877eacd";
				PROVISIONING_PROFILE_SPECIFIER = "SCG Push Demo Extension AdHoc";
				SKIP_INSTALL = YES;
				SWIFT_OBJC_BRIDGING_HEADER = "$(SRCROOT)/SCGPushDemo-Bridging-Header.h";
				SWIFT_OPTIMIZATION_LEVEL = "-Owholemodule";
				SWIFT_VERSION = 3.0;
			};
			name = Release;
		};
/* End XCBuildConfiguration section */

/* Begin XCConfigurationList section */
		F59BC8201CEA56310043E96E /* Build configuration list for PBXProject "SCGPushDemo" */ = {
			isa = XCConfigurationList;
			buildConfigurations = (
				F59BC84B1CEA56320043E96E /* Debug */,
				F59BC84C1CEA56320043E96E /* Release */,
			);
			defaultConfigurationIsVisible = 0;
			defaultConfigurationName = Release;
		};
		F59BC84D1CEA56320043E96E /* Build configuration list for PBXNativeTarget "SCGPushDemo" */ = {
			isa = XCConfigurationList;
			buildConfigurations = (
				F59BC84E1CEA56320043E96E /* Debug */,
				F59BC84F1CEA56320043E96E /* Release */,
			);
			defaultConfigurationIsVisible = 0;
			defaultConfigurationName = Release;
		};
		F59BC8501CEA56320043E96E /* Build configuration list for PBXNativeTarget "SCGPushDemoTests" */ = {
			isa = XCConfigurationList;
			buildConfigurations = (
				F59BC8511CEA56320043E96E /* Debug */,
				F59BC8521CEA56320043E96E /* Release */,
			);
			defaultConfigurationIsVisible = 0;
			defaultConfigurationName = Release;
		};
		F59BC8531CEA56320043E96E /* Build configuration list for PBXNativeTarget "SCGPushDemoUITests" */ = {
			isa = XCConfigurationList;
			buildConfigurations = (
				F59BC8541CEA56320043E96E /* Debug */,
				F59BC8551CEA56320043E96E /* Release */,
			);
			defaultConfigurationIsVisible = 0;
			defaultConfigurationName = Release;
		};
		F778FB0C1DC0CE4300D73AC7 /* Build configuration list for PBXNativeTarget "SCGPushDemoNotificationExtension" */ = {
			isa = XCConfigurationList;
			buildConfigurations = (
				F778FB081DC0CE4300D73AC7 /* Debug */,
				F778FB091DC0CE4300D73AC7 /* Release */,
			);
			defaultConfigurationIsVisible = 0;
			defaultConfigurationName = Release;
		};
/* End XCConfigurationList section */
	};
	rootObject = F59BC81D1CEA56310043E96E /* Project object */;
}
